{
  "version": 1,
  "dependencies": {
    "net9.0": {
      "Microsoft.Deployment.DotNet.Releases": {
        "type": "Direct",
        "requested": "[1.0.0, )",
        "resolved": "1.0.0",
        "contentHash": "YVf+YVOMXxyV/eOQWZzoEFEjrRmiw38jZKtT1YbYCNKBWPz+ae2nXQDIJw2IAr/OYxrc6rJFT8TUWkKWTdnCIw==",
        "dependencies": {
          "System.Text.Json": "7.0.1"
        }
      },
      "Microsoft.DotNet.ILCompiler": {
        "type": "Direct",
        "requested": "[9.0.0, )",
        "resolved": "9.0.0",
        "contentHash": "bbnlV2PbUmCQ8Ndpx0kJaicLyV28IU+4IzyctQLL57+DxrHurYr2qsJrC8+yD44Q0DyPfv2oM168c1Tk6Bxbmg=="
      },
      "Microsoft.Extensions.FileProviders.Abstractions": {
        "type": "Direct",
        "requested": "[9.0.0, )",
        "resolved": "9.0.0",
        "contentHash": "uK439QzYR0q2emLVtYzwyK3x+T5bTY4yWsd/k/ZUS9LR6Sflp8MIdhGXW8kQCd86dQD4tLqvcbLkku8qHY263Q==",
        "dependencies": {
          "Microsoft.Extensions.Primitives": "9.0.0"
        }
      },
      "Microsoft.Extensions.FileProviders.Physical": {
        "type": "Direct",
        "requested": "[9.0.0, )",
        "resolved": "9.0.0",
        "contentHash": "3+ZUSpOSmie+o8NnLIRqCxSh65XL/ExU7JYnFOg58awDRlY3lVpZ9A369jkoZL1rpsq7LDhEfkn2ghhGaY1y5Q==",
        "dependencies": {
          "Microsoft.Extensions.FileProviders.Abstractions": "9.0.0",
          "Microsoft.Extensions.FileSystemGlobbing": "9.0.0",
          "Microsoft.Extensions.Primitives": "9.0.0"
        }
      },
      "Microsoft.NET.ILLink.Tasks": {
        "type": "Direct",
        "requested": "[9.0.0, )",
        "resolved": "9.0.0",
        "contentHash": "zAwp213evC3UkimtVXRb+Dlgc/40QG145nmZDtp2LO9zJJMfrp+i/87BnXN7tRXEA4liyzdFkjqG1HE8/RPb4A=="
      },
      "Mono.Options": {
        "type": "Direct",
        "requested": "[6.12.0.148, )",
        "resolved": "6.12.0.148",
        "contentHash": "kf6bdXnP4IzqIp4bJ1YKPI3/PAcOV6qm4mznChJ3c92zHQUXTWJSp0+h+Cfcii0O6m/EgW7KA+tbCiB2al0DDA=="
      },
      "Nerdbank.GitVersioning": {
        "type": "Direct",
        "requested": "[3.6.143, )",
        "resolved": "3.6.143",
        "contentHash": "N24MtdLq4PmdJ2woTQd9515q0I1jeO/DlimYCB/GoRd510Fc9dk9H6YaN8MPPrVF8RHrIalCUfWbWvcoarYeoQ=="
      },
      "System.Collections.Immutable": {
        "type": "Direct",
        "requested": "[9.0.0, )",
        "resolved": "9.0.0",
        "contentHash": "QhkXUl2gNrQtvPmtBTQHb0YsUrDiDQ2QS09YbtTTiSjGcf7NBqtYbrG/BE06zcBPCKEwQGzIv13IVdXNOSub2w=="
      },
      "Microsoft.Extensions.FileSystemGlobbing": {
        "type": "Transitive",
        "resolved": "9.0.0",
        "contentHash": "jGFKZiXs2HNseK3NK/rfwHNNovER71jSj4BD1a/649ml9+h6oEtYd0GSALZDNW8jZ2Rh+oAeadOa6sagYW1F2A=="
      },
      "Microsoft.Extensions.Primitives": {
        "type": "Transitive",
        "resolved": "9.0.0",
        "contentHash": "N3qEBzmLMYiASUlKxxFIISP4AiwuPTHF5uCh+2CWSwwzAJiIYx0kBJsS30cp1nvhSySFAVi30jecD307jV+8Kg=="
      },
      "System.Text.Encodings.Web": {
        "type": "Transitive",
        "resolved": "7.0.0",
        "contentHash": "OP6umVGxc0Z0MvZQBVigj4/U31Pw72ITihDWP9WiWDm+q5aoe0GaJivsfYGq53o6dxH7DcXWiCTl7+0o2CGdmg=="
      },
      "System.Text.Json": {
        "type": "Transitive",
        "resolved": "7.0.1",
        "contentHash": "OtDEmCCiNl8JAduFKZ/r0Sw6XZNHwIicUYy/mXgMDGeOsZLshH37qi3oPRzFYiryVktiMoQLByMGPtRCEMYbeQ==",
        "dependencies": {
          "System.Text.Encodings.Web": "7.0.0"
        }
      }
    }
  }
}